
Microsoft Visual Studio Solution File, Format Version 12.00
Project("{2150E333-8FDC-42A3-9474-1A3956D46DE8}") = "services", "services", "{7E1D7C19-E3AB-4FA1-B8DF-203652ABE194}"
	ProjectSection(SolutionItems) = preProject
		services\项目架构redme.txt = services\项目架构redme.txt
	EndProjectSection
EndProject
Project("{2150E333-8FDC-42A3-9474-1A3956D46DE8}") = "shared", "shared", "{EE72B78F-2CE7-4303-87BB-7222A67FBCE2}"
EndProject
Project("{2150E333-8FDC-42A3-9474-1A3956D46DE8}") = "gateways", "gateways", "{C39C5C4F-38F6-4094-A8E0-5A14FF17F6BB}"
EndProject
Project("{2150E333-8FDC-42A3-9474-1A3956D46DE8}") = "user", "user", "{96EA0A21-C710-4F2A-B338-62D9549F9226}"
EndProject
Project("{2150E333-8FDC-42A3-9474-1A3956D46DE8}") = "src", "src", "{0804328B-18A3-4E5E-95AA-0BB5BE154E3B}"
EndProject
Project("{FAE04EC0-301F-11D3-BF4B-00C04F79EFBC}") = "Zhaoxi.MSACommerce.UserService.HttpApi", "services\user\src\Zhaoxi.MSACommerce.UserService.HttpApi\Zhaoxi.MSACommerce.UserService.HttpApi.csproj", "{D797C3F1-B79C-452B-991D-5FE80BCB4126}"
EndProject
Project("{FAE04EC0-301F-11D3-BF4B-00C04F79EFBC}") = "Zhaoxi.MSACommerce.UserService.Core", "services\user\src\Zhaoxi.MSACommerce.UserService.Core\Zhaoxi.MSACommerce.UserService.Core.csproj", "{2CB325DB-A6B6-4E9F-9D25-67A47C681CAF}"
EndProject
Project("{FAE04EC0-301F-11D3-BF4B-00C04F79EFBC}") = "Zhaoxi.MSACommerce.UserService.Infrastructure", "services\user\src\Zhaoxi.MSACommerce.UserService.Infrastructure\Zhaoxi.MSACommerce.UserService.Infrastructure.csproj", "{E0BA56E7-BA96-4AB3-BC06-87311786DC58}"
EndProject
Project("{FAE04EC0-301F-11D3-BF4B-00C04F79EFBC}") = "Zhaoxi.MSACommerce.UserService.UseCases", "services\user\src\Zhaoxi.MSACommerce.UserService.UseCases\Zhaoxi.MSACommerce.UserService.UseCases.csproj", "{86B5BBB5-B7AE-4AAF-8389-56AADB39D8B2}"
EndProject
Project("{FAE04EC0-301F-11D3-BF4B-00C04F79EFBC}") = "Zhaoxi.MSACommerce.SharedKernel", "shared\Zhaoxi.MSACommerce.SharedKernel\Zhaoxi.MSACommerce.SharedKernel.csproj", "{60A36034-DD03-48AD-AA7F-A6DA6476955E}"
EndProject
Project("{FAE04EC0-301F-11D3-BF4B-00C04F79EFBC}") = "Zhaoxi.MSACommerce.UseCases.Common", "shared\Zhaoxi.MSACommerce.UseCases.Common\Zhaoxi.MSACommerce.UseCases.Common.csproj", "{629B1126-B4A6-4900-A9D6-13DCCB4E1CB0}"
EndProject
Project("{FAE04EC0-301F-11D3-BF4B-00C04F79EFBC}") = "Zhaoxi.MSACommerce.HttpApi.Common", "shared\Zhaoxi.MSACommerce.HttpApi.Common\Zhaoxi.MSACommerce.HttpApi.Common.csproj", "{066B65C5-E616-4BF8-B5AA-FEDC17EE31DA}"
EndProject
Project("{FAE04EC0-301F-11D3-BF4B-00C04F79EFBC}") = "Zhaoxi.MSACommerce.Infrastructure.EntityFrameworkCore", "shared\Zhaoxi.MSACommerce.Infrastructure.EntityFrameworkCore\Zhaoxi.MSACommerce.Infrastructure.EntityFrameworkCore.csproj", "{297ED176-E621-4CE4-A798-FC0C1A19D9E9}"
EndProject
Project("{2150E333-8FDC-42A3-9474-1A3956D46DE8}") = "test", "test", "{9300310B-CABD-4CBA-BA74-7253E9850E31}"
EndProject
Project("{2150E333-8FDC-42A3-9474-1A3956D46DE8}") = "apps", "apps", "{1CF35FBD-45B2-43DC-804D-3F36BBCE3EC8}"
EndProject
Project("{FAE04EC0-301F-11D3-BF4B-00C04F79EFBC}") = "Zhaoxi.MSACommerce.AuthServer", "apps\Zhaoxi.MSACommerce.AuthServer\Zhaoxi.MSACommerce.AuthServer.csproj", "{7CE4C571-7395-40EC-AA4D-FC8745CC8B45}"
EndProject
Project("{FAE04EC0-301F-11D3-BF4B-00C04F79EFBC}") = "Zhaoxi.MSACommerce.WebGateway", "Zhaoxi.MSACommerce.WebGateway\Zhaoxi.MSACommerce.WebGateway.csproj", "{D2E0BBD6-62A8-481A-9857-F86E24196983}"
EndProject
Project("{2150E333-8FDC-42A3-9474-1A3956D46DE8}") = "pakages", "pakages", "{D999BEFB-3DE0-444F-8001-0E34571E656D}"
EndProject
Project("{FAE04EC0-301F-11D3-BF4B-00C04F79EFBC}") = "Zhaoxi.MSACommerce.Authentication.JwtBearer", "pakages\Zhaoxi.MSACommerce.Authentication.JwtBearer\Zhaoxi.MSACommerce.Authentication.JwtBearer.csproj", "{756D34ED-5E9A-4D0E-AF56-5D239AED0171}"
EndProject
Project("{FAE04EC0-301F-11D3-BF4B-00C04F79EFBC}") = "Zhaoxi.MSACommerce.CommonServiceClient", "pakages\Zhaoxi.MSACommerce.CommonServiceClient\Zhaoxi.MSACommerce.CommonServiceClient.csproj", "{81F147AD-415E-41B7-AE0B-1F4C189E117E}"
EndProject
Project("{FAE04EC0-301F-11D3-BF4B-00C04F79EFBC}") = "Zhaoxi.MSACommerce.Consul", "pakages\Zhaoxi.MSACommerce.Consul\Zhaoxi.MSACommerce.Consul.csproj", "{46D43B3A-07C0-4193-B1B1-314633C5A032}"
EndProject
Project("{FAE04EC0-301F-11D3-BF4B-00C04F79EFBC}") = "Zhaoxi.MSACommerce.Infrastructure.Common", "shared\Zhaoxi.MSACommerce.Infrastructure.Common\Zhaoxi.MSACommerce.Infrastructure.Common.csproj", "{E480DC39-F82E-467D-826A-562614595438}"
EndProject
Project("{FAE04EC0-301F-11D3-BF4B-00C04F79EFBC}") = "Zhaoxi.MSACommerce.Portal", "apps\Zhaoxi.MSACommerce.Portal\Zhaoxi.MSACommerce.Portal.csproj", "{5476B25F-F6CE-4E33-918C-955EEF8E2646}"
EndProject
Project("{FAE04EC0-301F-11D3-BF4B-00C04F79EFBC}") = "Zhaoxi.MSACommerce.VerificationServer", "apps\Zhaoxi.MSACommerce.VerificationServer\Zhaoxi.MSACommerce.VerificationServer.csproj", "{7F01FC04-AD00-4576-ADAC-6757CEE5F3E1}"
EndProject
Project("{2150E333-8FDC-42A3-9474-1A3956D46DE8}") = "category", "category", "{A0A208F0-1B14-4347-AFB1-9E1DED773092}"
EndProject
Project("{2150E333-8FDC-42A3-9474-1A3956D46DE8}") = "src", "src", "{16FFF396-20F9-4B93-9FE9-97ED9D9A1ECF}"
EndProject
Project("{FAE04EC0-301F-11D3-BF4B-00C04F79EFBC}") = "Zhaoxi.MSACommerce.CategoryService.Core", "services\category\src\Zhaoxi.MSACommerce.CategoryService.Core\Zhaoxi.MSACommerce.CategoryService.Core.csproj", "{D5E8EED5-851B-4E49-B929-23E1CFA2C646}"
EndProject
Project("{FAE04EC0-301F-11D3-BF4B-00C04F79EFBC}") = "Zhaoxi.MSACommerce.CategoryService.Infrastructure", "services\category\src\Zhaoxi.MSACommerce.CategoryService.Infrastructure\Zhaoxi.MSACommerce.CategoryService.Infrastructure.csproj", "{B41CD463-2B22-4CE0-A069-684B6D73132F}"
EndProject
Project("{FAE04EC0-301F-11D3-BF4B-00C04F79EFBC}") = "Zhaoxi.MSACommerce.CategoryService.UseCases", "services\category\src\Zhaoxi.MSACommerce.CategoryService.UseCases\Zhaoxi.MSACommerce.CategoryService.UseCases.csproj", "{0E07823E-ED10-4A0B-BDB4-D8A1B06943E7}"
EndProject
Project("{FAE04EC0-301F-11D3-BF4B-00C04F79EFBC}") = "Zhaoxi.MSACommerce.CategoryService.HttpApi", "services\category\src\Zhaoxi.MSACommerce.CategoryService.HttpApi\Zhaoxi.MSACommerce.CategoryService.HttpApi.csproj", "{5A4A6078-00B9-4E5C-920D-4912A358E032}"
EndProject
Project("{2150E333-8FDC-42A3-9474-1A3956D46DE8}") = "brand", "brand", "{557A6420-A97F-44B9-BC20-4A7D957F7920}"
EndProject
Project("{2150E333-8FDC-42A3-9474-1A3956D46DE8}") = "src", "src", "{C7E90645-BCB2-45D5-B436-D6ECF297647B}"
EndProject
Project("{FAE04EC0-301F-11D3-BF4B-00C04F79EFBC}") = "Zhaoxi.MSACommerce.BrandService.Core", "services\brand\src\Zhaoxi.MSACommerce.BrandService.Core\Zhaoxi.MSACommerce.BrandService.Core.csproj", "{380E7A4A-D1C3-499F-9BEE-90E63A4D2C83}"
EndProject
Project("{FAE04EC0-301F-11D3-BF4B-00C04F79EFBC}") = "Zhaoxi.MSACommerce.BrandService.Infrastructure", "services\brand\src\Zhaoxi.MSACommerce.BrandService.Infrastructure\Zhaoxi.MSACommerce.BrandService.Infrastructure.csproj", "{ABB7A9AD-FFA9-4974-AED7-D01B09B9298D}"
EndProject
Project("{FAE04EC0-301F-11D3-BF4B-00C04F79EFBC}") = "Zhaoxi.MSACommerce.BrandService.UseCases", "services\brand\src\Zhaoxi.MSACommerce.BrandService.UseCases\Zhaoxi.MSACommerce.BrandService.UseCases.csproj", "{8B08DAC3-2FC5-40E0-A136-6455FEC5F08F}"
EndProject
Project("{FAE04EC0-301F-11D3-BF4B-00C04F79EFBC}") = "Zhaoxi.MSACommerce.BrandService.HttpApi", "services\brand\src\Zhaoxi.MSACommerce.BrandService.HttpApi\Zhaoxi.MSACommerce.BrandService.HttpApi.csproj", "{2C943E5A-BE0D-426E-941F-B89DD3916040}"
EndProject
Project("{2150E333-8FDC-42A3-9474-1A3956D46DE8}") = "search", "search", "{CA3F82DF-9FDD-4A2A-95DF-355F3D07233B}"
EndProject
Project("{2150E333-8FDC-42A3-9474-1A3956D46DE8}") = "src", "src", "{F86206A0-BFC1-4344-9FC8-1AB109961B53}"
EndProject
Project("{2150E333-8FDC-42A3-9474-1A3956D46DE8}") = "product", "product", "{F12ED089-ED5D-4B66-96C5-1863E5485047}"
EndProject
Project("{2150E333-8FDC-42A3-9474-1A3956D46DE8}") = "src", "src", "{E205685D-8573-49AA-B37C-22DDBD43F576}"
EndProject
Project("{FAE04EC0-301F-11D3-BF4B-00C04F79EFBC}") = "Zhaoxi.MSACommerce.ProductService.Core", "services\product\src\Zhaoxi.MSACommerce.ProductService.Core\Zhaoxi.MSACommerce.ProductService.Core.csproj", "{D77D818F-73E9-4E1D-8604-3BBFD75889FB}"
EndProject
Project("{FAE04EC0-301F-11D3-BF4B-00C04F79EFBC}") = "Zhaoxi.MSACommerce.ProductService.Infrastructure", "services\product\src\Zhaoxi.MSACommerce.ProductService.Infrastructure\Zhaoxi.MSACommerce.ProductService.Infrastructure.csproj", "{53D4C374-54C9-4C47-B704-C8FF220F1B0F}"
EndProject
Project("{FAE04EC0-301F-11D3-BF4B-00C04F79EFBC}") = "Zhaoxi.MSACommerce.ProductService.UseCases", "services\product\src\Zhaoxi.MSACommerce.ProductService.UseCases\Zhaoxi.MSACommerce.ProductService.UseCases.csproj", "{573E84FE-8182-49A6-914E-C11E8F747DAC}"
EndProject
Project("{FAE04EC0-301F-11D3-BF4B-00C04F79EFBC}") = "Zhaoxi.MSACommerce.ProductService.HttpApi", "services\product\src\Zhaoxi.MSACommerce.ProductService.HttpApi\Zhaoxi.MSACommerce.ProductService.HttpApi.csproj", "{0A4DD2FD-BAE6-4DC3-8B6A-FF23C4B435C2}"
EndProject
Project("{FAE04EC0-301F-11D3-BF4B-00C04F79EFBC}") = "Zhaoxi.MSACommerce.ProductDetailPage", "apps\Zhaoxi.MSACommerce.ProductDetailPage\Zhaoxi.MSACommerce.ProductDetailPage.csproj", "{FEE6EEAA-420C-43D2-85A6-CA2D06106F56}"
EndProject
Project("{2150E333-8FDC-42A3-9474-1A3956D46DE8}") = "tests", "tests", "{679F1011-B586-45EC-8DB4-E947C3A915D6}"
EndProject
Project("{FAE04EC0-301F-11D3-BF4B-00C04F79EFBC}") = "Zhaoxi.MSACommerce.AppTest", "tests\Zhaoxi.MSACommerce.AppTest\Zhaoxi.MSACommerce.AppTest.csproj", "{71CAE356-4C21-4B7E-8661-AAD9AD3C58EA}"
EndProject
Project("{FAE04EC0-301F-11D3-BF4B-00C04F79EFBC}") = "Zhaoxi.MSACommerce.SharedEvent", "shared\Zhaoxi.MSACommerce.SharedEvent\Zhaoxi.MSACommerce.SharedEvent.csproj", "{43338A56-D6DF-4190-86FD-BB0AF396A466}"
EndProject
Project("{2150E333-8FDC-42A3-9474-1A3956D46DE8}") = "backgrounds", "backgrounds", "{135ED8B8-4079-4D3D-A2F9-C0B1B8FAF79C}"
EndProject
Project("{FAE04EC0-301F-11D3-BF4B-00C04F79EFBC}") = "Zhaoxi.MSACommerce.ElasticSyncWorker", "backgrounds\Zhaoxi.MSACommerce.ElasticSyncWorker\Zhaoxi.MSACommerce.ElasticSyncWorker.csproj", "{21083FBF-6122-437C-AA28-F1808D9D13A6}"
EndProject
Project("{FAE04EC0-301F-11D3-BF4B-00C04F79EFBC}") = "Zhaoxi.MSACommerce.StaticPageWorker", "backgrounds\Zhaoxi.MSACommerce.StaticPageWorker\Zhaoxi.MSACommerce.StaticPageWorker.csproj", "{EF049BE0-FA16-4150-B1EA-F11722BC8FD3}"
EndProject
Project("{FAE04EC0-301F-11D3-BF4B-00C04F79EFBC}") = "Zhaoxi.MSACommerce.SearchService.Core", "services\search\src\Zhaoxi.MSACommerce.SearchService.Core\Zhaoxi.MSACommerce.SearchService.Core.csproj", "{2FFD3D0C-9400-416B-8295-B61E4004E39C}"
EndProject
Project("{FAE04EC0-301F-11D3-BF4B-00C04F79EFBC}") = "Zhaoxi.MSACommerce.SearchService.Infrastructure", "services\search\src\Zhaoxi.MSACommerce.SearchService.Infrastructure\Zhaoxi.MSACommerce.SearchService.Infrastructure.csproj", "{C488F0B3-D05B-411B-BFF8-4F5ED50C37DC}"
EndProject
Project("{FAE04EC0-301F-11D3-BF4B-00C04F79EFBC}") = "Zhaoxi.MSACommerce.SearchService.UseCases", "services\search\src\Zhaoxi.MSACommerce.SearchService.UseCases\Zhaoxi.MSACommerce.SearchService.UseCases.csproj", "{79BFD517-9E58-4140-9B50-B8D10EFEC944}"
EndProject
Project("{FAE04EC0-301F-11D3-BF4B-00C04F79EFBC}") = "Zhaoxi.MSACommerce.SearchService.HttpApi", "services\search\src\Zhaoxi.MSACommerce.SearchService.HttpApi\Zhaoxi.MSACommerce.SearchService.HttpApi.csproj", "{0E36E69B-6DA6-4E86-8CF3-79E7930BCE8B}"
EndProject
Project("{FAE04EC0-301F-11D3-BF4B-00C04F79EFBC}") = "Zhaoxi.MSACommerce.Infrastructure.ElasticSearch", "shared\Zhaoxi.MSACommerce.Infrastructure.ElasticSearch\Zhaoxi.MSACommerce.Infrastructure.ElasticSearch.csproj", "{959425F6-2FF1-4345-816C-FAB5725AB69A}"
EndProject
Project("{2150E333-8FDC-42A3-9474-1A3956D46DE8}") = "cart", "cart", "{DDC3456A-004A-48B8-AA82-962AFF77C7D8}"
EndProject
Project("{2150E333-8FDC-42A3-9474-1A3956D46DE8}") = "src", "src", "{6A651B3C-ECCF-4586-8786-0CD6799B6F3B}"
	ProjectSection(SolutionItems) = preProject
		README.md = README.md
	EndProjectSection
EndProject
Project("{FAE04EC0-301F-11D3-BF4B-00C04F79EFBC}") = "Zhaoxi.MSACommerce.CartService.HttpApi", "services\cart\src\Zhaoxi.MSACommerce.CartService.HttpApi\Zhaoxi.MSACommerce.CartService.HttpApi.csproj", "{746DE6D7-847D-420E-B18C-81C3E0BE9D96}"
EndProject
Project("{FAE04EC0-301F-11D3-BF4B-00C04F79EFBC}") = "Zhaoxi.MSACommerce.CartService.Core", "services\cart\src\Zhaoxi.MSACommerce.CartService.Core\Zhaoxi.MSACommerce.CartService.Core.csproj", "{E6C3C936-FBAB-49D8-AAE7-08E290BD7A97}"
EndProject
Project("{FAE04EC0-301F-11D3-BF4B-00C04F79EFBC}") = "Zhaoxi.MSACommerce.CartService.Infrastructure", "services\cart\src\Zhaoxi.MSACommerce.CartService.Infrastructure\Zhaoxi.MSACommerce.CartService.Infrastructure.csproj", "{4FDD5A61-CEA9-4876-932F-EC009E645865}"
EndProject
Project("{FAE04EC0-301F-11D3-BF4B-00C04F79EFBC}") = "Zhaoxi.MSACommerce.CartService.UseCases", "services\cart\src\Zhaoxi.MSACommerce.CartService.UseCases\Zhaoxi.MSACommerce.CartService.UseCases.csproj", "{22CAA096-D371-41E9-87A5-017DBF4251C2}"
EndProject
Project("{FAE04EC0-301F-11D3-BF4B-00C04F79EFBC}") = "Zhaoxi.MSACommerce.Infrastructure.Redis", "shared\Zhaoxi.MSACommerce.Infrastructure.Redis\Zhaoxi.MSACommerce.Infrastructure.Redis.csproj", "{62949DB4-5669-4DBD-B57A-3307C7CE6F0A}"
EndProject
Project("{2150E333-8FDC-42A3-9474-1A3956D46DE8}") = "stock", "stock", "{C8D1511D-1E8E-453F-82C2-CE902EE3EADD}"
EndProject
Project("{2150E333-8FDC-42A3-9474-1A3956D46DE8}") = "src", "src", "{626FC61E-6D0E-409C-A8A3-6C1465EA8CC4}"
EndProject
Project("{FAE04EC0-301F-11D3-BF4B-00C04F79EFBC}") = "Zhaoxi.MSACommerce.StockService.Core", "services\stock\src\Zhaoxi.MSACommerce.StockService.Core\Zhaoxi.MSACommerce.StockService.Core.csproj", "{77AACD2C-D936-4648-8A9A-64D89C897718}"
EndProject
Project("{FAE04EC0-301F-11D3-BF4B-00C04F79EFBC}") = "Zhaoxi.MSACommerce.StockService.HttpApi", "services\stock\src\Zhaoxi.MSACommerce.StockService.HttpApi\Zhaoxi.MSACommerce.StockService.HttpApi.csproj", "{9593F880-8114-4B8C-85E4-CE09CBAFF48A}"
EndProject
Project("{FAE04EC0-301F-11D3-BF4B-00C04F79EFBC}") = "Zhaoxi.MSACommerce.StockService.Infrastructure", "services\stock\src\Zhaoxi.MSACommerce.StockService.Infrastructure\Zhaoxi.MSACommerce.StockService.Infrastructure.csproj", "{9E2E0CCB-3793-4D70-874C-954C065EE3A6}"
EndProject
Project("{FAE04EC0-301F-11D3-BF4B-00C04F79EFBC}") = "Zhaoxi.MSACommerce.StockService.UseCases", "services\stock\src\Zhaoxi.MSACommerce.StockService.UseCases\Zhaoxi.MSACommerce.StockService.UseCases.csproj", "{4251F73A-0D88-43F1-9A48-5F9A05445740}"
EndProject
Project("{2150E333-8FDC-42A3-9474-1A3956D46DE8}") = "order", "order", "{5E03E46F-7A64-4664-9F99-4B80C3755E4A}"
EndProject
Project("{2150E333-8FDC-42A3-9474-1A3956D46DE8}") = "src", "src", "{AC33A36F-E9BA-4E77-8584-F79597628A99}"
EndProject
Project("{FAE04EC0-301F-11D3-BF4B-00C04F79EFBC}") = "Zhaoxi.MSACommerce.OrderService.Core", "services\order\src\Zhaoxi.MSACommerce.OrderService.Core\Zhaoxi.MSACommerce.OrderService.Core.csproj", "{CD1BF86B-17C6-4987-8C99-9A54F5253B5C}"
EndProject
Project("{FAE04EC0-301F-11D3-BF4B-00C04F79EFBC}") = "Zhaoxi.MSACommerce.OrderService.Infrastructure", "services\order\src\Zhaoxi.MSACommerce.OrderService.Infrastructure\Zhaoxi.MSACommerce.OrderService.Infrastructure.csproj", "{17EA2075-2451-479B-AC23-B1A1745CDB83}"
EndProject
Project("{FAE04EC0-301F-11D3-BF4B-00C04F79EFBC}") = "Zhaoxi.MSACommerce.OrderService.UseCases", "services\order\src\Zhaoxi.MSACommerce.OrderService.UseCases\Zhaoxi.MSACommerce.OrderService.UseCases.csproj", "{D8786F49-2EE7-42E2-941D-69AC779E78DE}"
EndProject
Project("{FAE04EC0-301F-11D3-BF4B-00C04F79EFBC}") = "Zhaoxi.MSACommerce.OrderService.HttpApi", "services\order\src\Zhaoxi.MSACommerce.OrderService.HttpApi\Zhaoxi.MSACommerce.OrderService.HttpApi.csproj", "{A16FB9AC-3D1E-42F1-818F-05A47C970BCC}"
EndProject
Project("{2150E333-8FDC-42A3-9474-1A3956D46DE8}") = "payment", "payment", "{690F2609-2C29-40F1-85B7-2902A51F0C04}"
EndProject
Project("{2150E333-8FDC-42A3-9474-1A3956D46DE8}") = "src", "src", "{5E4C87E0-2C1A-40DD-A55E-2CC20B89C1E1}"
EndProject
Project("{FAE04EC0-301F-11D3-BF4B-00C04F79EFBC}") = "Zhaoxi.MSACommerce.PaymentService.Core", "services\payment\src\Zhaoxi.MSACommerce.PaymentService.Core\Zhaoxi.MSACommerce.PaymentService.Core.csproj", "{C22D7986-8E0B-4A79-B4A4-2E41629046BD}"
EndProject
Project("{FAE04EC0-301F-11D3-BF4B-00C04F79EFBC}") = "Zhaoxi.MSACommerce.PaymentService.HttpApi", "services\payment\src\Zhaoxi.MSACommerce.PaymentService.HttpApi\Zhaoxi.MSACommerce.PaymentService.HttpApi.csproj", "{DCA070F6-56C9-4890-AB95-5039F32C9341}"
EndProject
Project("{FAE04EC0-301F-11D3-BF4B-00C04F79EFBC}") = "Zhaoxi.MSACommerce.PaymentService.Infrastructure", "services\payment\src\Zhaoxi.MSACommerce.PaymentService.Infrastructure\Zhaoxi.MSACommerce.PaymentService.Infrastructure.csproj", "{6D9A11F9-3A18-4300-9452-99983C08F1F0}"
EndProject
Project("{FAE04EC0-301F-11D3-BF4B-00C04F79EFBC}") = "Zhaoxi.MSACommerce.PaymentService.UseCases", "services\payment\src\Zhaoxi.MSACommerce.PaymentService.UseCases\Zhaoxi.MSACommerce.PaymentService.UseCases.csproj", "{37689E3B-85E6-441B-B57F-8AAD157923A3}"
EndProject
Global
	GlobalSection(SolutionConfigurationPlatforms) = preSolution
		Debug|Any CPU = Debug|Any CPU
		Release|Any CPU = Release|Any CPU
	EndGlobalSection
	GlobalSection(ProjectConfigurationPlatforms) = postSolution
		{D797C3F1-B79C-452B-991D-5FE80BCB4126}.Debug|Any CPU.ActiveCfg = Debug|Any CPU
		{D797C3F1-B79C-452B-991D-5FE80BCB4126}.Debug|Any CPU.Build.0 = Debug|Any CPU
		{D797C3F1-B79C-452B-991D-5FE80BCB4126}.Release|Any CPU.ActiveCfg = Release|Any CPU
		{D797C3F1-B79C-452B-991D-5FE80BCB4126}.Release|Any CPU.Build.0 = Release|Any CPU
		{2CB325DB-A6B6-4E9F-9D25-67A47C681CAF}.Debug|Any CPU.ActiveCfg = Debug|Any CPU
		{2CB325DB-A6B6-4E9F-9D25-67A47C681CAF}.Debug|Any CPU.Build.0 = Debug|Any CPU
		{2CB325DB-A6B6-4E9F-9D25-67A47C681CAF}.Release|Any CPU.ActiveCfg = Release|Any CPU
		{2CB325DB-A6B6-4E9F-9D25-67A47C681CAF}.Release|Any CPU.Build.0 = Release|Any CPU
		{E0BA56E7-BA96-4AB3-BC06-87311786DC58}.Debug|Any CPU.ActiveCfg = Debug|Any CPU
		{E0BA56E7-BA96-4AB3-BC06-87311786DC58}.Debug|Any CPU.Build.0 = Debug|Any CPU
		{E0BA56E7-BA96-4AB3-BC06-87311786DC58}.Release|Any CPU.ActiveCfg = Release|Any CPU
		{E0BA56E7-BA96-4AB3-BC06-87311786DC58}.Release|Any CPU.Build.0 = Release|Any CPU
		{86B5BBB5-B7AE-4AAF-8389-56AADB39D8B2}.Debug|Any CPU.ActiveCfg = Debug|Any CPU
		{86B5BBB5-B7AE-4AAF-8389-56AADB39D8B2}.Debug|Any CPU.Build.0 = Debug|Any CPU
		{86B5BBB5-B7AE-4AAF-8389-56AADB39D8B2}.Release|Any CPU.ActiveCfg = Release|Any CPU
		{86B5BBB5-B7AE-4AAF-8389-56AADB39D8B2}.Release|Any CPU.Build.0 = Release|Any CPU
		{60A36034-DD03-48AD-AA7F-A6DA6476955E}.Debug|Any CPU.ActiveCfg = Debug|Any CPU
		{60A36034-DD03-48AD-AA7F-A6DA6476955E}.Debug|Any CPU.Build.0 = Debug|Any CPU
		{60A36034-DD03-48AD-AA7F-A6DA6476955E}.Release|Any CPU.ActiveCfg = Release|Any CPU
		{60A36034-DD03-48AD-AA7F-A6DA6476955E}.Release|Any CPU.Build.0 = Release|Any CPU
		{629B1126-B4A6-4900-A9D6-13DCCB4E1CB0}.Debug|Any CPU.ActiveCfg = Debug|Any CPU
		{629B1126-B4A6-4900-A9D6-13DCCB4E1CB0}.Debug|Any CPU.Build.0 = Debug|Any CPU
		{629B1126-B4A6-4900-A9D6-13DCCB4E1CB0}.Release|Any CPU.ActiveCfg = Release|Any CPU
		{629B1126-B4A6-4900-A9D6-13DCCB4E1CB0}.Release|Any CPU.Build.0 = Release|Any CPU
		{066B65C5-E616-4BF8-B5AA-FEDC17EE31DA}.Debug|Any CPU.ActiveCfg = Debug|Any CPU
		{066B65C5-E616-4BF8-B5AA-FEDC17EE31DA}.Debug|Any CPU.Build.0 = Debug|Any CPU
		{066B65C5-E616-4BF8-B5AA-FEDC17EE31DA}.Release|Any CPU.ActiveCfg = Release|Any CPU
		{066B65C5-E616-4BF8-B5AA-FEDC17EE31DA}.Release|Any CPU.Build.0 = Release|Any CPU
		{297ED176-E621-4CE4-A798-FC0C1A19D9E9}.Debug|Any CPU.ActiveCfg = Debug|Any CPU
		{297ED176-E621-4CE4-A798-FC0C1A19D9E9}.Debug|Any CPU.Build.0 = Debug|Any CPU
		{297ED176-E621-4CE4-A798-FC0C1A19D9E9}.Release|Any CPU.ActiveCfg = Release|Any CPU
		{297ED176-E621-4CE4-A798-FC0C1A19D9E9}.Release|Any CPU.Build.0 = Release|Any CPU
		{7CE4C571-7395-40EC-AA4D-FC8745CC8B45}.Debug|Any CPU.ActiveCfg = Debug|Any CPU
		{7CE4C571-7395-40EC-AA4D-FC8745CC8B45}.Debug|Any CPU.Build.0 = Debug|Any CPU
		{7CE4C571-7395-40EC-AA4D-FC8745CC8B45}.Release|Any CPU.ActiveCfg = Release|Any CPU
		{7CE4C571-7395-40EC-AA4D-FC8745CC8B45}.Release|Any CPU.Build.0 = Release|Any CPU
		{D2E0BBD6-62A8-481A-9857-F86E24196983}.Debug|Any CPU.ActiveCfg = Debug|Any CPU
		{D2E0BBD6-62A8-481A-9857-F86E24196983}.Debug|Any CPU.Build.0 = Debug|Any CPU
		{D2E0BBD6-62A8-481A-9857-F86E24196983}.Release|Any CPU.ActiveCfg = Release|Any CPU
		{D2E0BBD6-62A8-481A-9857-F86E24196983}.Release|Any CPU.Build.0 = Release|Any CPU
		{756D34ED-5E9A-4D0E-AF56-5D239AED0171}.Debug|Any CPU.ActiveCfg = Debug|Any CPU
		{756D34ED-5E9A-4D0E-AF56-5D239AED0171}.Debug|Any CPU.Build.0 = Debug|Any CPU
		{756D34ED-5E9A-4D0E-AF56-5D239AED0171}.Release|Any CPU.ActiveCfg = Release|Any CPU
		{756D34ED-5E9A-4D0E-AF56-5D239AED0171}.Release|Any CPU.Build.0 = Release|Any CPU
		{81F147AD-415E-41B7-AE0B-1F4C189E117E}.Debug|Any CPU.ActiveCfg = Debug|Any CPU
		{81F147AD-415E-41B7-AE0B-1F4C189E117E}.Debug|Any CPU.Build.0 = Debug|Any CPU
		{81F147AD-415E-41B7-AE0B-1F4C189E117E}.Release|Any CPU.ActiveCfg = Release|Any CPU
		{81F147AD-415E-41B7-AE0B-1F4C189E117E}.Release|Any CPU.Build.0 = Release|Any CPU
		{46D43B3A-07C0-4193-B1B1-314633C5A032}.Debug|Any CPU.ActiveCfg = Debug|Any CPU
		{46D43B3A-07C0-4193-B1B1-314633C5A032}.Debug|Any CPU.Build.0 = Debug|Any CPU
		{46D43B3A-07C0-4193-B1B1-314633C5A032}.Release|Any CPU.ActiveCfg = Release|Any CPU
		{46D43B3A-07C0-4193-B1B1-314633C5A032}.Release|Any CPU.Build.0 = Release|Any CPU
		{E480DC39-F82E-467D-826A-562614595438}.Debug|Any CPU.ActiveCfg = Debug|Any CPU
		{E480DC39-F82E-467D-826A-562614595438}.Debug|Any CPU.Build.0 = Debug|Any CPU
		{E480DC39-F82E-467D-826A-562614595438}.Release|Any CPU.ActiveCfg = Release|Any CPU
		{E480DC39-F82E-467D-826A-562614595438}.Release|Any CPU.Build.0 = Release|Any CPU
		{5476B25F-F6CE-4E33-918C-955EEF8E2646}.Debug|Any CPU.ActiveCfg = Debug|Any CPU
		{5476B25F-F6CE-4E33-918C-955EEF8E2646}.Debug|Any CPU.Build.0 = Debug|Any CPU
		{5476B25F-F6CE-4E33-918C-955EEF8E2646}.Release|Any CPU.ActiveCfg = Release|Any CPU
		{5476B25F-F6CE-4E33-918C-955EEF8E2646}.Release|Any CPU.Build.0 = Release|Any CPU
		{7F01FC04-AD00-4576-ADAC-6757CEE5F3E1}.Debug|Any CPU.ActiveCfg = Debug|Any CPU
		{7F01FC04-AD00-4576-ADAC-6757CEE5F3E1}.Debug|Any CPU.Build.0 = Debug|Any CPU
		{7F01FC04-AD00-4576-ADAC-6757CEE5F3E1}.Release|Any CPU.ActiveCfg = Release|Any CPU
		{7F01FC04-AD00-4576-ADAC-6757CEE5F3E1}.Release|Any CPU.Build.0 = Release|Any CPU
		{D5E8EED5-851B-4E49-B929-23E1CFA2C646}.Debug|Any CPU.ActiveCfg = Debug|Any CPU
		{D5E8EED5-851B-4E49-B929-23E1CFA2C646}.Debug|Any CPU.Build.0 = Debug|Any CPU
		{D5E8EED5-851B-4E49-B929-23E1CFA2C646}.Release|Any CPU.ActiveCfg = Release|Any CPU
		{D5E8EED5-851B-4E49-B929-23E1CFA2C646}.Release|Any CPU.Build.0 = Release|Any CPU
		{B41CD463-2B22-4CE0-A069-684B6D73132F}.Debug|Any CPU.ActiveCfg = Debug|Any CPU
		{B41CD463-2B22-4CE0-A069-684B6D73132F}.Debug|Any CPU.Build.0 = Debug|Any CPU
		{B41CD463-2B22-4CE0-A069-684B6D73132F}.Release|Any CPU.ActiveCfg = Release|Any CPU
		{B41CD463-2B22-4CE0-A069-684B6D73132F}.Release|Any CPU.Build.0 = Release|Any CPU
		{0E07823E-ED10-4A0B-BDB4-D8A1B06943E7}.Debug|Any CPU.ActiveCfg = Debug|Any CPU
		{0E07823E-ED10-4A0B-BDB4-D8A1B06943E7}.Debug|Any CPU.Build.0 = Debug|Any CPU
		{0E07823E-ED10-4A0B-BDB4-D8A1B06943E7}.Release|Any CPU.ActiveCfg = Release|Any CPU
		{0E07823E-ED10-4A0B-BDB4-D8A1B06943E7}.Release|Any CPU.Build.0 = Release|Any CPU
		{5A4A6078-00B9-4E5C-920D-4912A358E032}.Debug|Any CPU.ActiveCfg = Debug|Any CPU
		{5A4A6078-00B9-4E5C-920D-4912A358E032}.Debug|Any CPU.Build.0 = Debug|Any CPU
		{5A4A6078-00B9-4E5C-920D-4912A358E032}.Release|Any CPU.ActiveCfg = Release|Any CPU
		{5A4A6078-00B9-4E5C-920D-4912A358E032}.Release|Any CPU.Build.0 = Release|Any CPU
		{380E7A4A-D1C3-499F-9BEE-90E63A4D2C83}.Debug|Any CPU.ActiveCfg = Debug|Any CPU
		{380E7A4A-D1C3-499F-9BEE-90E63A4D2C83}.Debug|Any CPU.Build.0 = Debug|Any CPU
		{380E7A4A-D1C3-499F-9BEE-90E63A4D2C83}.Release|Any CPU.ActiveCfg = Release|Any CPU
		{380E7A4A-D1C3-499F-9BEE-90E63A4D2C83}.Release|Any CPU.Build.0 = Release|Any CPU
		{ABB7A9AD-FFA9-4974-AED7-D01B09B9298D}.Debug|Any CPU.ActiveCfg = Debug|Any CPU
		{ABB7A9AD-FFA9-4974-AED7-D01B09B9298D}.Debug|Any CPU.Build.0 = Debug|Any CPU
		{ABB7A9AD-FFA9-4974-AED7-D01B09B9298D}.Release|Any CPU.ActiveCfg = Release|Any CPU
		{ABB7A9AD-FFA9-4974-AED7-D01B09B9298D}.Release|Any CPU.Build.0 = Release|Any CPU
		{8B08DAC3-2FC5-40E0-A136-6455FEC5F08F}.Debug|Any CPU.ActiveCfg = Debug|Any CPU
		{8B08DAC3-2FC5-40E0-A136-6455FEC5F08F}.Debug|Any CPU.Build.0 = Debug|Any CPU
		{8B08DAC3-2FC5-40E0-A136-6455FEC5F08F}.Release|Any CPU.ActiveCfg = Release|Any CPU
		{8B08DAC3-2FC5-40E0-A136-6455FEC5F08F}.Release|Any CPU.Build.0 = Release|Any CPU
		{2C943E5A-BE0D-426E-941F-B89DD3916040}.Debug|Any CPU.ActiveCfg = Debug|Any CPU
		{2C943E5A-BE0D-426E-941F-B89DD3916040}.Debug|Any CPU.Build.0 = Debug|Any CPU
		{2C943E5A-BE0D-426E-941F-B89DD3916040}.Release|Any CPU.ActiveCfg = Release|Any CPU
		{2C943E5A-BE0D-426E-941F-B89DD3916040}.Release|Any CPU.Build.0 = Release|Any CPU
		{D77D818F-73E9-4E1D-8604-3BBFD75889FB}.Debug|Any CPU.ActiveCfg = Debug|Any CPU
		{D77D818F-73E9-4E1D-8604-3BBFD75889FB}.Debug|Any CPU.Build.0 = Debug|Any CPU
		{D77D818F-73E9-4E1D-8604-3BBFD75889FB}.Release|Any CPU.ActiveCfg = Release|Any CPU
		{D77D818F-73E9-4E1D-8604-3BBFD75889FB}.Release|Any CPU.Build.0 = Release|Any CPU
		{53D4C374-54C9-4C47-B704-C8FF220F1B0F}.Debug|Any CPU.ActiveCfg = Debug|Any CPU
		{53D4C374-54C9-4C47-B704-C8FF220F1B0F}.Debug|Any CPU.Build.0 = Debug|Any CPU
		{53D4C374-54C9-4C47-B704-C8FF220F1B0F}.Release|Any CPU.ActiveCfg = Release|Any CPU
		{53D4C374-54C9-4C47-B704-C8FF220F1B0F}.Release|Any CPU.Build.0 = Release|Any CPU
		{573E84FE-8182-49A6-914E-C11E8F747DAC}.Debug|Any CPU.ActiveCfg = Debug|Any CPU
		{573E84FE-8182-49A6-914E-C11E8F747DAC}.Debug|Any CPU.Build.0 = Debug|Any CPU
		{573E84FE-8182-49A6-914E-C11E8F747DAC}.Release|Any CPU.ActiveCfg = Release|Any CPU
		{573E84FE-8182-49A6-914E-C11E8F747DAC}.Release|Any CPU.Build.0 = Release|Any CPU
		{0A4DD2FD-BAE6-4DC3-8B6A-FF23C4B435C2}.Debug|Any CPU.ActiveCfg = Debug|Any CPU
		{0A4DD2FD-BAE6-4DC3-8B6A-FF23C4B435C2}.Debug|Any CPU.Build.0 = Debug|Any CPU
		{0A4DD2FD-BAE6-4DC3-8B6A-FF23C4B435C2}.Release|Any CPU.ActiveCfg = Release|Any CPU
		{0A4DD2FD-BAE6-4DC3-8B6A-FF23C4B435C2}.Release|Any CPU.Build.0 = Release|Any CPU
		{FEE6EEAA-420C-43D2-85A6-CA2D06106F56}.Debug|Any CPU.ActiveCfg = Debug|Any CPU
		{FEE6EEAA-420C-43D2-85A6-CA2D06106F56}.Debug|Any CPU.Build.0 = Debug|Any CPU
		{FEE6EEAA-420C-43D2-85A6-CA2D06106F56}.Release|Any CPU.ActiveCfg = Release|Any CPU
		{FEE6EEAA-420C-43D2-85A6-CA2D06106F56}.Release|Any CPU.Build.0 = Release|Any CPU
		{71CAE356-4C21-4B7E-8661-AAD9AD3C58EA}.Debug|Any CPU.ActiveCfg = Debug|Any CPU
		{71CAE356-4C21-4B7E-8661-AAD9AD3C58EA}.Debug|Any CPU.Build.0 = Debug|Any CPU
		{71CAE356-4C21-4B7E-8661-AAD9AD3C58EA}.Release|Any CPU.ActiveCfg = Release|Any CPU
		{71CAE356-4C21-4B7E-8661-AAD9AD3C58EA}.Release|Any CPU.Build.0 = Release|Any CPU
		{43338A56-D6DF-4190-86FD-BB0AF396A466}.Debug|Any CPU.ActiveCfg = Debug|Any CPU
		{43338A56-D6DF-4190-86FD-BB0AF396A466}.Debug|Any CPU.Build.0 = Debug|Any CPU
		{43338A56-D6DF-4190-86FD-BB0AF396A466}.Release|Any CPU.ActiveCfg = Release|Any CPU
		{43338A56-D6DF-4190-86FD-BB0AF396A466}.Release|Any CPU.Build.0 = Release|Any CPU
		{21083FBF-6122-437C-AA28-F1808D9D13A6}.Debug|Any CPU.ActiveCfg = Debug|Any CPU
		{21083FBF-6122-437C-AA28-F1808D9D13A6}.Debug|Any CPU.Build.0 = Debug|Any CPU
		{21083FBF-6122-437C-AA28-F1808D9D13A6}.Release|Any CPU.ActiveCfg = Release|Any CPU
		{21083FBF-6122-437C-AA28-F1808D9D13A6}.Release|Any CPU.Build.0 = Release|Any CPU
		{EF049BE0-FA16-4150-B1EA-F11722BC8FD3}.Debug|Any CPU.ActiveCfg = Debug|Any CPU
		{EF049BE0-FA16-4150-B1EA-F11722BC8FD3}.Debug|Any CPU.Build.0 = Debug|Any CPU
		{EF049BE0-FA16-4150-B1EA-F11722BC8FD3}.Release|Any CPU.ActiveCfg = Release|Any CPU
		{EF049BE0-FA16-4150-B1EA-F11722BC8FD3}.Release|Any CPU.Build.0 = Release|Any CPU
		{2FFD3D0C-9400-416B-8295-B61E4004E39C}.Debug|Any CPU.ActiveCfg = Debug|Any CPU
		{2FFD3D0C-9400-416B-8295-B61E4004E39C}.Debug|Any CPU.Build.0 = Debug|Any CPU
		{2FFD3D0C-9400-416B-8295-B61E4004E39C}.Release|Any CPU.ActiveCfg = Release|Any CPU
		{2FFD3D0C-9400-416B-8295-B61E4004E39C}.Release|Any CPU.Build.0 = Release|Any CPU
		{C488F0B3-D05B-411B-BFF8-4F5ED50C37DC}.Debug|Any CPU.ActiveCfg = Debug|Any CPU
		{C488F0B3-D05B-411B-BFF8-4F5ED50C37DC}.Debug|Any CPU.Build.0 = Debug|Any CPU
		{C488F0B3-D05B-411B-BFF8-4F5ED50C37DC}.Release|Any CPU.ActiveCfg = Release|Any CPU
		{C488F0B3-D05B-411B-BFF8-4F5ED50C37DC}.Release|Any CPU.Build.0 = Release|Any CPU
		{79BFD517-9E58-4140-9B50-B8D10EFEC944}.Debug|Any CPU.ActiveCfg = Debug|Any CPU
		{79BFD517-9E58-4140-9B50-B8D10EFEC944}.Debug|Any CPU.Build.0 = Debug|Any CPU
		{79BFD517-9E58-4140-9B50-B8D10EFEC944}.Release|Any CPU.ActiveCfg = Release|Any CPU
		{79BFD517-9E58-4140-9B50-B8D10EFEC944}.Release|Any CPU.Build.0 = Release|Any CPU
		{0E36E69B-6DA6-4E86-8CF3-79E7930BCE8B}.Debug|Any CPU.ActiveCfg = Debug|Any CPU
		{0E36E69B-6DA6-4E86-8CF3-79E7930BCE8B}.Debug|Any CPU.Build.0 = Debug|Any CPU
		{0E36E69B-6DA6-4E86-8CF3-79E7930BCE8B}.Release|Any CPU.ActiveCfg = Release|Any CPU
		{0E36E69B-6DA6-4E86-8CF3-79E7930BCE8B}.Release|Any CPU.Build.0 = Release|Any CPU
		{959425F6-2FF1-4345-816C-FAB5725AB69A}.Debug|Any CPU.ActiveCfg = Debug|Any CPU
		{959425F6-2FF1-4345-816C-FAB5725AB69A}.Debug|Any CPU.Build.0 = Debug|Any CPU
		{959425F6-2FF1-4345-816C-FAB5725AB69A}.Release|Any CPU.ActiveCfg = Release|Any CPU
		{959425F6-2FF1-4345-816C-FAB5725AB69A}.Release|Any CPU.Build.0 = Release|Any CPU
		{746DE6D7-847D-420E-B18C-81C3E0BE9D96}.Debug|Any CPU.ActiveCfg = Debug|Any CPU
		{746DE6D7-847D-420E-B18C-81C3E0BE9D96}.Debug|Any CPU.Build.0 = Debug|Any CPU
		{746DE6D7-847D-420E-B18C-81C3E0BE9D96}.Release|Any CPU.ActiveCfg = Release|Any CPU
		{746DE6D7-847D-420E-B18C-81C3E0BE9D96}.Release|Any CPU.Build.0 = Release|Any CPU
		{E6C3C936-FBAB-49D8-AAE7-08E290BD7A97}.Debug|Any CPU.ActiveCfg = Debug|Any CPU
		{E6C3C936-FBAB-49D8-AAE7-08E290BD7A97}.Debug|Any CPU.Build.0 = Debug|Any CPU
		{E6C3C936-FBAB-49D8-AAE7-08E290BD7A97}.Release|Any CPU.ActiveCfg = Release|Any CPU
		{E6C3C936-FBAB-49D8-AAE7-08E290BD7A97}.Release|Any CPU.Build.0 = Release|Any CPU
		{4FDD5A61-CEA9-4876-932F-EC009E645865}.Debug|Any CPU.ActiveCfg = Debug|Any CPU
		{4FDD5A61-CEA9-4876-932F-EC009E645865}.Debug|Any CPU.Build.0 = Debug|Any CPU
		{4FDD5A61-CEA9-4876-932F-EC009E645865}.Release|Any CPU.ActiveCfg = Release|Any CPU
		{4FDD5A61-CEA9-4876-932F-EC009E645865}.Release|Any CPU.Build.0 = Release|Any CPU
		{22CAA096-D371-41E9-87A5-017DBF4251C2}.Debug|Any CPU.ActiveCfg = Debug|Any CPU
		{22CAA096-D371-41E9-87A5-017DBF4251C2}.Debug|Any CPU.Build.0 = Debug|Any CPU
		{22CAA096-D371-41E9-87A5-017DBF4251C2}.Release|Any CPU.ActiveCfg = Release|Any CPU
		{22CAA096-D371-41E9-87A5-017DBF4251C2}.Release|Any CPU.Build.0 = Release|Any CPU
		{62949DB4-5669-4DBD-B57A-3307C7CE6F0A}.Debug|Any CPU.ActiveCfg = Debug|Any CPU
		{62949DB4-5669-4DBD-B57A-3307C7CE6F0A}.Debug|Any CPU.Build.0 = Debug|Any CPU
		{62949DB4-5669-4DBD-B57A-3307C7CE6F0A}.Release|Any CPU.ActiveCfg = Release|Any CPU
		{62949DB4-5669-4DBD-B57A-3307C7CE6F0A}.Release|Any CPU.Build.0 = Release|Any CPU
		{77AACD2C-D936-4648-8A9A-64D89C897718}.Debug|Any CPU.ActiveCfg = Debug|Any CPU
		{77AACD2C-D936-4648-8A9A-64D89C897718}.Debug|Any CPU.Build.0 = Debug|Any CPU
		{77AACD2C-D936-4648-8A9A-64D89C897718}.Release|Any CPU.ActiveCfg = Release|Any CPU
		{77AACD2C-D936-4648-8A9A-64D89C897718}.Release|Any CPU.Build.0 = Release|Any CPU
		{9593F880-8114-4B8C-85E4-CE09CBAFF48A}.Debug|Any CPU.ActiveCfg = Debug|Any CPU
		{9593F880-8114-4B8C-85E4-CE09CBAFF48A}.Debug|Any CPU.Build.0 = Debug|Any CPU
		{9593F880-8114-4B8C-85E4-CE09CBAFF48A}.Release|Any CPU.ActiveCfg = Release|Any CPU
		{9593F880-8114-4B8C-85E4-CE09CBAFF48A}.Release|Any CPU.Build.0 = Release|Any CPU
		{9E2E0CCB-3793-4D70-874C-954C065EE3A6}.Debug|Any CPU.ActiveCfg = Debug|Any CPU
		{9E2E0CCB-3793-4D70-874C-954C065EE3A6}.Debug|Any CPU.Build.0 = Debug|Any CPU
		{9E2E0CCB-3793-4D70-874C-954C065EE3A6}.Release|Any CPU.ActiveCfg = Release|Any CPU
		{9E2E0CCB-3793-4D70-874C-954C065EE3A6}.Release|Any CPU.Build.0 = Release|Any CPU
		{4251F73A-0D88-43F1-9A48-5F9A05445740}.Debug|Any CPU.ActiveCfg = Debug|Any CPU
		{4251F73A-0D88-43F1-9A48-5F9A05445740}.Debug|Any CPU.Build.0 = Debug|Any CPU
		{4251F73A-0D88-43F1-9A48-5F9A05445740}.Release|Any CPU.ActiveCfg = Release|Any CPU
		{4251F73A-0D88-43F1-9A48-5F9A05445740}.Release|Any CPU.Build.0 = Release|Any CPU
		{CD1BF86B-17C6-4987-8C99-9A54F5253B5C}.Debug|Any CPU.ActiveCfg = Debug|Any CPU
		{CD1BF86B-17C6-4987-8C99-9A54F5253B5C}.Debug|Any CPU.Build.0 = Debug|Any CPU
		{CD1BF86B-17C6-4987-8C99-9A54F5253B5C}.Release|Any CPU.ActiveCfg = Release|Any CPU
		{CD1BF86B-17C6-4987-8C99-9A54F5253B5C}.Release|Any CPU.Build.0 = Release|Any CPU
		{17EA2075-2451-479B-AC23-B1A1745CDB83}.Debug|Any CPU.ActiveCfg = Debug|Any CPU
		{17EA2075-2451-479B-AC23-B1A1745CDB83}.Debug|Any CPU.Build.0 = Debug|Any CPU
		{17EA2075-2451-479B-AC23-B1A1745CDB83}.Release|Any CPU.ActiveCfg = Release|Any CPU
		{17EA2075-2451-479B-AC23-B1A1745CDB83}.Release|Any CPU.Build.0 = Release|Any CPU
		{D8786F49-2EE7-42E2-941D-69AC779E78DE}.Debug|Any CPU.ActiveCfg = Debug|Any CPU
		{D8786F49-2EE7-42E2-941D-69AC779E78DE}.Debug|Any CPU.Build.0 = Debug|Any CPU
		{D8786F49-2EE7-42E2-941D-69AC779E78DE}.Release|Any CPU.ActiveCfg = Release|Any CPU
		{D8786F49-2EE7-42E2-941D-69AC779E78DE}.Release|Any CPU.Build.0 = Release|Any CPU
		{A16FB9AC-3D1E-42F1-818F-05A47C970BCC}.Debug|Any CPU.ActiveCfg = Debug|Any CPU
		{A16FB9AC-3D1E-42F1-818F-05A47C970BCC}.Debug|Any CPU.Build.0 = Debug|Any CPU
		{A16FB9AC-3D1E-42F1-818F-05A47C970BCC}.Release|Any CPU.ActiveCfg = Release|Any CPU
		{A16FB9AC-3D1E-42F1-818F-05A47C970BCC}.Release|Any CPU.Build.0 = Release|Any CPU
		{C22D7986-8E0B-4A79-B4A4-2E41629046BD}.Debug|Any CPU.ActiveCfg = Debug|Any CPU
		{C22D7986-8E0B-4A79-B4A4-2E41629046BD}.Debug|Any CPU.Build.0 = Debug|Any CPU
		{C22D7986-8E0B-4A79-B4A4-2E41629046BD}.Release|Any CPU.ActiveCfg = Release|Any CPU
		{C22D7986-8E0B-4A79-B4A4-2E41629046BD}.Release|Any CPU.Build.0 = Release|Any CPU
		{DCA070F6-56C9-4890-AB95-5039F32C9341}.Debug|Any CPU.ActiveCfg = Debug|Any CPU
		{DCA070F6-56C9-4890-AB95-5039F32C9341}.Debug|Any CPU.Build.0 = Debug|Any CPU
		{DCA070F6-56C9-4890-AB95-5039F32C9341}.Release|Any CPU.ActiveCfg = Release|Any CPU
		{DCA070F6-56C9-4890-AB95-5039F32C9341}.Release|Any CPU.Build.0 = Release|Any CPU
		{6D9A11F9-3A18-4300-9452-99983C08F1F0}.Debug|Any CPU.ActiveCfg = Debug|Any CPU
		{6D9A11F9-3A18-4300-9452-99983C08F1F0}.Debug|Any CPU.Build.0 = Debug|Any CPU
		{6D9A11F9-3A18-4300-9452-99983C08F1F0}.Release|Any CPU.ActiveCfg = Release|Any CPU
		{6D9A11F9-3A18-4300-9452-99983C08F1F0}.Release|Any CPU.Build.0 = Release|Any CPU
		{37689E3B-85E6-441B-B57F-8AAD157923A3}.Debug|Any CPU.ActiveCfg = Debug|Any CPU
		{37689E3B-85E6-441B-B57F-8AAD157923A3}.Debug|Any CPU.Build.0 = Debug|Any CPU
		{37689E3B-85E6-441B-B57F-8AAD157923A3}.Release|Any CPU.ActiveCfg = Release|Any CPU
		{37689E3B-85E6-441B-B57F-8AAD157923A3}.Release|Any CPU.Build.0 = Release|Any CPU
	EndGlobalSection
	GlobalSection(NestedProjects) = preSolution
		{96EA0A21-C710-4F2A-B338-62D9549F9226} = {7E1D7C19-E3AB-4FA1-B8DF-203652ABE194}
		{0804328B-18A3-4E5E-95AA-0BB5BE154E3B} = {96EA0A21-C710-4F2A-B338-62D9549F9226}
		{D797C3F1-B79C-452B-991D-5FE80BCB4126} = {0804328B-18A3-4E5E-95AA-0BB5BE154E3B}
		{2CB325DB-A6B6-4E9F-9D25-67A47C681CAF} = {0804328B-18A3-4E5E-95AA-0BB5BE154E3B}
		{E0BA56E7-BA96-4AB3-BC06-87311786DC58} = {0804328B-18A3-4E5E-95AA-0BB5BE154E3B}
		{86B5BBB5-B7AE-4AAF-8389-56AADB39D8B2} = {0804328B-18A3-4E5E-95AA-0BB5BE154E3B}
		{60A36034-DD03-48AD-AA7F-A6DA6476955E} = {EE72B78F-2CE7-4303-87BB-7222A67FBCE2}
		{629B1126-B4A6-4900-A9D6-13DCCB4E1CB0} = {EE72B78F-2CE7-4303-87BB-7222A67FBCE2}
		{066B65C5-E616-4BF8-B5AA-FEDC17EE31DA} = {EE72B78F-2CE7-4303-87BB-7222A67FBCE2}
		{297ED176-E621-4CE4-A798-FC0C1A19D9E9} = {EE72B78F-2CE7-4303-87BB-7222A67FBCE2}
		{9300310B-CABD-4CBA-BA74-7253E9850E31} = {96EA0A21-C710-4F2A-B338-62D9549F9226}
		{7CE4C571-7395-40EC-AA4D-FC8745CC8B45} = {1CF35FBD-45B2-43DC-804D-3F36BBCE3EC8}
		{D2E0BBD6-62A8-481A-9857-F86E24196983} = {C39C5C4F-38F6-4094-A8E0-5A14FF17F6BB}
		{756D34ED-5E9A-4D0E-AF56-5D239AED0171} = {D999BEFB-3DE0-444F-8001-0E34571E656D}
		{81F147AD-415E-41B7-AE0B-1F4C189E117E} = {D999BEFB-3DE0-444F-8001-0E34571E656D}
		{46D43B3A-07C0-4193-B1B1-314633C5A032} = {D999BEFB-3DE0-444F-8001-0E34571E656D}
		{E480DC39-F82E-467D-826A-562614595438} = {EE72B78F-2CE7-4303-87BB-7222A67FBCE2}
		{5476B25F-F6CE-4E33-918C-955EEF8E2646} = {1CF35FBD-45B2-43DC-804D-3F36BBCE3EC8}
		{7F01FC04-AD00-4576-ADAC-6757CEE5F3E1} = {1CF35FBD-45B2-43DC-804D-3F36BBCE3EC8}
		{A0A208F0-1B14-4347-AFB1-9E1DED773092} = {7E1D7C19-E3AB-4FA1-B8DF-203652ABE194}
		{16FFF396-20F9-4B93-9FE9-97ED9D9A1ECF} = {A0A208F0-1B14-4347-AFB1-9E1DED773092}
		{D5E8EED5-851B-4E49-B929-23E1CFA2C646} = {16FFF396-20F9-4B93-9FE9-97ED9D9A1ECF}
		{B41CD463-2B22-4CE0-A069-684B6D73132F} = {16FFF396-20F9-4B93-9FE9-97ED9D9A1ECF}
		{0E07823E-ED10-4A0B-BDB4-D8A1B06943E7} = {16FFF396-20F9-4B93-9FE9-97ED9D9A1ECF}
		{5A4A6078-00B9-4E5C-920D-4912A358E032} = {16FFF396-20F9-4B93-9FE9-97ED9D9A1ECF}
		{557A6420-A97F-44B9-BC20-4A7D957F7920} = {7E1D7C19-E3AB-4FA1-B8DF-203652ABE194}
		{C7E90645-BCB2-45D5-B436-D6ECF297647B} = {557A6420-A97F-44B9-BC20-4A7D957F7920}
		{2C943E5A-BE0D-426E-941F-B89DD3916040} = {C7E90645-BCB2-45D5-B436-D6ECF297647B}
		{380E7A4A-D1C3-499F-9BEE-90E63A4D2C83} = {C7E90645-BCB2-45D5-B436-D6ECF297647B}
		{ABB7A9AD-FFA9-4974-AED7-D01B09B9298D} = {C7E90645-BCB2-45D5-B436-D6ECF297647B}
		{8B08DAC3-2FC5-40E0-A136-6455FEC5F08F} = {C7E90645-BCB2-45D5-B436-D6ECF297647B}
		{CA3F82DF-9FDD-4A2A-95DF-355F3D07233B} = {7E1D7C19-E3AB-4FA1-B8DF-203652ABE194}
		{F86206A0-BFC1-4344-9FC8-1AB109961B53} = {CA3F82DF-9FDD-4A2A-95DF-355F3D07233B}
		{F12ED089-ED5D-4B66-96C5-1863E5485047} = {7E1D7C19-E3AB-4FA1-B8DF-203652ABE194}
		{E205685D-8573-49AA-B37C-22DDBD43F576} = {F12ED089-ED5D-4B66-96C5-1863E5485047}
		{D77D818F-73E9-4E1D-8604-3BBFD75889FB} = {E205685D-8573-49AA-B37C-22DDBD43F576}
		{53D4C374-54C9-4C47-B704-C8FF220F1B0F} = {E205685D-8573-49AA-B37C-22DDBD43F576}
		{573E84FE-8182-49A6-914E-C11E8F747DAC} = {E205685D-8573-49AA-B37C-22DDBD43F576}
		{0A4DD2FD-BAE6-4DC3-8B6A-FF23C4B435C2} = {E205685D-8573-49AA-B37C-22DDBD43F576}
		{FEE6EEAA-420C-43D2-85A6-CA2D06106F56} = {1CF35FBD-45B2-43DC-804D-3F36BBCE3EC8}
		{71CAE356-4C21-4B7E-8661-AAD9AD3C58EA} = {679F1011-B586-45EC-8DB4-E947C3A915D6}
		{43338A56-D6DF-4190-86FD-BB0AF396A466} = {EE72B78F-2CE7-4303-87BB-7222A67FBCE2}
		{21083FBF-6122-437C-AA28-F1808D9D13A6} = {135ED8B8-4079-4D3D-A2F9-C0B1B8FAF79C}
		{EF049BE0-FA16-4150-B1EA-F11722BC8FD3} = {135ED8B8-4079-4D3D-A2F9-C0B1B8FAF79C}
		{2FFD3D0C-9400-416B-8295-B61E4004E39C} = {F86206A0-BFC1-4344-9FC8-1AB109961B53}
		{C488F0B3-D05B-411B-BFF8-4F5ED50C37DC} = {F86206A0-BFC1-4344-9FC8-1AB109961B53}
		{79BFD517-9E58-4140-9B50-B8D10EFEC944} = {F86206A0-BFC1-4344-9FC8-1AB109961B53}
		{0E36E69B-6DA6-4E86-8CF3-79E7930BCE8B} = {F86206A0-BFC1-4344-9FC8-1AB109961B53}
		{959425F6-2FF1-4345-816C-FAB5725AB69A} = {EE72B78F-2CE7-4303-87BB-7222A67FBCE2}
		{DDC3456A-004A-48B8-AA82-962AFF77C7D8} = {7E1D7C19-E3AB-4FA1-B8DF-203652ABE194}
		{6A651B3C-ECCF-4586-8786-0CD6799B6F3B} = {DDC3456A-004A-48B8-AA82-962AFF77C7D8}
		{746DE6D7-847D-420E-B18C-81C3E0BE9D96} = {6A651B3C-ECCF-4586-8786-0CD6799B6F3B}
		{E6C3C936-FBAB-49D8-AAE7-08E290BD7A97} = {6A651B3C-ECCF-4586-8786-0CD6799B6F3B}
		{4FDD5A61-CEA9-4876-932F-EC009E645865} = {6A651B3C-ECCF-4586-8786-0CD6799B6F3B}
		{22CAA096-D371-41E9-87A5-017DBF4251C2} = {6A651B3C-ECCF-4586-8786-0CD6799B6F3B}
		{62949DB4-5669-4DBD-B57A-3307C7CE6F0A} = {EE72B78F-2CE7-4303-87BB-7222A67FBCE2}
		{C8D1511D-1E8E-453F-82C2-CE902EE3EADD} = {7E1D7C19-E3AB-4FA1-B8DF-203652ABE194}
		{626FC61E-6D0E-409C-A8A3-6C1465EA8CC4} = {C8D1511D-1E8E-453F-82C2-CE902EE3EADD}
		{77AACD2C-D936-4648-8A9A-64D89C897718} = {626FC61E-6D0E-409C-A8A3-6C1465EA8CC4}
		{9593F880-8114-4B8C-85E4-CE09CBAFF48A} = {626FC61E-6D0E-409C-A8A3-6C1465EA8CC4}
		{9E2E0CCB-3793-4D70-874C-954C065EE3A6} = {626FC61E-6D0E-409C-A8A3-6C1465EA8CC4}
		{4251F73A-0D88-43F1-9A48-5F9A05445740} = {626FC61E-6D0E-409C-A8A3-6C1465EA8CC4}
		{5E03E46F-7A64-4664-9F99-4B80C3755E4A} = {7E1D7C19-E3AB-4FA1-B8DF-203652ABE194}
		{AC33A36F-E9BA-4E77-8584-F79597628A99} = {5E03E46F-7A64-4664-9F99-4B80C3755E4A}
		{CD1BF86B-17C6-4987-8C99-9A54F5253B5C} = {AC33A36F-E9BA-4E77-8584-F79597628A99}
		{17EA2075-2451-479B-AC23-B1A1745CDB83} = {AC33A36F-E9BA-4E77-8584-F79597628A99}
		{D8786F49-2EE7-42E2-941D-69AC779E78DE} = {AC33A36F-E9BA-4E77-8584-F79597628A99}
		{A16FB9AC-3D1E-42F1-818F-05A47C970BCC} = {AC33A36F-E9BA-4E77-8584-F79597628A99}
		{690F2609-2C29-40F1-85B7-2902A51F0C04} = {7E1D7C19-E3AB-4FA1-B8DF-203652ABE194}
		{5E4C87E0-2C1A-40DD-A55E-2CC20B89C1E1} = {690F2609-2C29-40F1-85B7-2902A51F0C04}
		{C22D7986-8E0B-4A79-B4A4-2E41629046BD} = {5E4C87E0-2C1A-40DD-A55E-2CC20B89C1E1}
		{DCA070F6-56C9-4890-AB95-5039F32C9341} = {5E4C87E0-2C1A-40DD-A55E-2CC20B89C1E1}
		{6D9A11F9-3A18-4300-9452-99983C08F1F0} = {5E4C87E0-2C1A-40DD-A55E-2CC20B89C1E1}
		{37689E3B-85E6-441B-B57F-8AAD157923A3} = {5E4C87E0-2C1A-40DD-A55E-2CC20B89C1E1}
	EndGlobalSection
EndGlobal
