
Microsoft Visual Studio Solution File, Format Version 12.00
Project("{2150E333-8FDC-42A3-9474-1A3956D46DE8}") = "services", "services", "{7E1D7C19-E3AB-4FA1-B8DF-203652ABE194}"
	ProjectSection(SolutionItems) = preProject
		services\项目架构redme.txt = services\项目架构redme.txt
	EndProjectSection
EndProject
Project("{2150E333-8FDC-42A3-9474-1A3956D46DE8}") = "shared", "shared", "{EE72B78F-2CE7-4303-87BB-7222A67FBCE2}"
EndProject
Project("{2150E333-8FDC-42A3-9474-1A3956D46DE8}") = "gateways", "gateways", "{C39C5C4F-38F6-4094-A8E0-5A14FF17F6BB}"
EndProject
Project("{2150E333-8FDC-42A3-9474-1A3956D46DE8}") = "user", "user", "{96EA0A21-C710-4F2A-B338-62D9549F9226}"
EndProject
Project("{2150E333-8FDC-42A3-9474-1A3956D46DE8}") = "src", "src", "{0804328B-18A3-4E5E-95AA-0BB5BE154E3B}"
EndProject
Project("{FAE04EC0-301F-11D3-BF4B-00C04F79EFBC}") = "Zhaoxi.MSACommerce.UserService.HttpApi", "services\user\src\Zhaoxi.MSACommerce.UserService.HttpApi\Zhaoxi.MSACommerce.UserService.HttpApi.csproj", "{D797C3F1-B79C-452B-991D-5FE80BCB4126}"
EndProject
Project("{FAE04EC0-301F-11D3-BF4B-00C04F79EFBC}") = "Zhaoxi.MSACommerce.UserService.Core", "services\user\src\Zhaoxi.MSACommerce.UserService.Core\Zhaoxi.MSACommerce.UserService.Core.csproj", "{2CB325DB-A6B6-4E9F-9D25-67A47C681CAF}"
EndProject
Project("{FAE04EC0-301F-11D3-BF4B-00C04F79EFBC}") = "Zhaoxi.MSACommerce.UserService.Infrastructure", "services\user\src\Zhaoxi.MSACommerce.UserService.Infrastructure\Zhaoxi.MSACommerce.UserService.Infrastructure.csproj", "{E0BA56E7-BA96-4AB3-BC06-87311786DC58}"
EndProject
Project("{FAE04EC0-301F-11D3-BF4B-00C04F79EFBC}") = "Zhaoxi.MSACommerce.UserService.UseCases", "services\user\src\Zhaoxi.MSACommerce.UserService.UseCases\Zhaoxi.MSACommerce.UserService.UseCases.csproj", "{86B5BBB5-B7AE-4AAF-8389-56AADB39D8B2}"
EndProject
Project("{FAE04EC0-301F-11D3-BF4B-00C04F79EFBC}") = "Zhaoxi.MSACommerce.SharedKernel", "shared\Zhaoxi.MSACommerce.SharedKernel\Zhaoxi.MSACommerce.SharedKernel.csproj", "{60A36034-DD03-48AD-AA7F-A6DA6476955E}"
EndProject
Project("{FAE04EC0-301F-11D3-BF4B-00C04F79EFBC}") = "Zhaoxi.MSACommerce.UseCases.Common", "shared\Zhaoxi.MSACommerce.UseCases.Common\Zhaoxi.MSACommerce.UseCases.Common.csproj", "{629B1126-B4A6-4900-A9D6-13DCCB4E1CB0}"
EndProject
Project("{FAE04EC0-301F-11D3-BF4B-00C04F79EFBC}") = "Zhaoxi.MSACommerce.HttpApi.Common", "shared\Zhaoxi.MSACommerce.HttpApi.Common\Zhaoxi.MSACommerce.HttpApi.Common.csproj", "{066B65C5-E616-4BF8-B5AA-FEDC17EE31DA}"
EndProject
Project("{FAE04EC0-301F-11D3-BF4B-00C04F79EFBC}") = "Zhaoxi.MSACommerce.Infrastructure.EntityFrameworkCore", "shared\Zhaoxi.MSACommerce.Infrastructure.EntityFrameworkCore\Zhaoxi.MSACommerce.Infrastructure.EntityFrameworkCore.csproj", "{297ED176-E621-4CE4-A798-FC0C1A19D9E9}"
EndProject
Project("{2150E333-8FDC-42A3-9474-1A3956D46DE8}") = "test", "test", "{9300310B-CABD-4CBA-BA74-7253E9850E31}"
EndProject
Project("{2150E333-8FDC-42A3-9474-1A3956D46DE8}") = "apps", "apps", "{1CF35FBD-45B2-43DC-804D-3F36BBCE3EC8}"
EndProject
Project("{FAE04EC0-301F-11D3-BF4B-00C04F79EFBC}") = "Zhaoxi.MSACommerce.AuthServer", "apps\Zhaoxi.MSACommerce.AuthServer\Zhaoxi.MSACommerce.AuthServer.csproj", "{7CE4C571-7395-40EC-AA4D-FC8745CC8B45}"
EndProject
Project("{FAE04EC0-301F-11D3-BF4B-00C04F79EFBC}") = "Zhaoxi.MSACommerce.WebGateway", "Zhaoxi.MSACommerce.WebGateway\Zhaoxi.MSACommerce.WebGateway.csproj", "{D2E0BBD6-62A8-481A-9857-F86E24196983}"
EndProject
Project("{2150E333-8FDC-42A3-9474-1A3956D46DE8}") = "pakages", "pakages", "{D999BEFB-3DE0-444F-8001-0E34571E656D}"
EndProject
Project("{FAE04EC0-301F-11D3-BF4B-00C04F79EFBC}") = "Zhaoxi.MSACommerce.Authentication.JwtBearer", "pakages\Zhaoxi.MSACommerce.Authentication.JwtBearer\Zhaoxi.MSACommerce.Authentication.JwtBearer.csproj", "{756D34ED-5E9A-4D0E-AF56-5D239AED0171}"
EndProject
Project("{FAE04EC0-301F-11D3-BF4B-00C04F79EFBC}") = "Zhaoxi.MSACommerce.CommonServiceClient", "pakages\Zhaoxi.MSACommerce.CommonServiceClient\Zhaoxi.MSACommerce.CommonServiceClient.csproj", "{81F147AD-415E-41B7-AE0B-1F4C189E117E}"
EndProject
Project("{FAE04EC0-301F-11D3-BF4B-00C04F79EFBC}") = "Zhaoxi.MSACommerce.Consul", "pakages\Zhaoxi.MSACommerce.Consul\Zhaoxi.MSACommerce.Consul.csproj", "{46D43B3A-07C0-4193-B1B1-314633C5A032}"
EndProject
Project("{FAE04EC0-301F-11D3-BF4B-00C04F79EFBC}") = "Zhaoxi.MSACommerce.Infrastructure.Common", "shared\Zhaoxi.MSACommerce.Infrastructure.Common\Zhaoxi.MSACommerce.Infrastructure.Common.csproj", "{E480DC39-F82E-467D-826A-562614595438}"
EndProject
Project("{FAE04EC0-301F-11D3-BF4B-00C04F79EFBC}") = "Zhaoxi.MSACommerce.Portal", "apps\Zhaoxi.MSACommerce.Portal\Zhaoxi.MSACommerce.Portal.csproj", "{5476B25F-F6CE-4E33-918C-955EEF8E2646}"
EndProject
Project("{FAE04EC0-301F-11D3-BF4B-00C04F79EFBC}") = "Zhaoxi.MSACommerce.VerificationServer", "apps\Zhaoxi.MSACommerce.VerificationServer\Zhaoxi.MSACommerce.VerificationServer.csproj", "{7F01FC04-AD00-4576-ADAC-6757CEE5F3E1}"
EndProject
Global
	GlobalSection(SolutionConfigurationPlatforms) = preSolution
		Debug|Any CPU = Debug|Any CPU
		Release|Any CPU = Release|Any CPU
	EndGlobalSection
	GlobalSection(ProjectConfigurationPlatforms) = postSolution
		{D797C3F1-B79C-452B-991D-5FE80BCB4126}.Debug|Any CPU.ActiveCfg = Debug|Any CPU
		{D797C3F1-B79C-452B-991D-5FE80BCB4126}.Debug|Any CPU.Build.0 = Debug|Any CPU
		{D797C3F1-B79C-452B-991D-5FE80BCB4126}.Release|Any CPU.ActiveCfg = Release|Any CPU
		{D797C3F1-B79C-452B-991D-5FE80BCB4126}.Release|Any CPU.Build.0 = Release|Any CPU
		{2CB325DB-A6B6-4E9F-9D25-67A47C681CAF}.Debug|Any CPU.ActiveCfg = Debug|Any CPU
		{2CB325DB-A6B6-4E9F-9D25-67A47C681CAF}.Debug|Any CPU.Build.0 = Debug|Any CPU
		{2CB325DB-A6B6-4E9F-9D25-67A47C681CAF}.Release|Any CPU.ActiveCfg = Release|Any CPU
		{2CB325DB-A6B6-4E9F-9D25-67A47C681CAF}.Release|Any CPU.Build.0 = Release|Any CPU
		{E0BA56E7-BA96-4AB3-BC06-87311786DC58}.Debug|Any CPU.ActiveCfg = Debug|Any CPU
		{E0BA56E7-BA96-4AB3-BC06-87311786DC58}.Debug|Any CPU.Build.0 = Debug|Any CPU
		{E0BA56E7-BA96-4AB3-BC06-87311786DC58}.Release|Any CPU.ActiveCfg = Release|Any CPU
		{E0BA56E7-BA96-4AB3-BC06-87311786DC58}.Release|Any CPU.Build.0 = Release|Any CPU
		{86B5BBB5-B7AE-4AAF-8389-56AADB39D8B2}.Debug|Any CPU.ActiveCfg = Debug|Any CPU
		{86B5BBB5-B7AE-4AAF-8389-56AADB39D8B2}.Debug|Any CPU.Build.0 = Debug|Any CPU
		{86B5BBB5-B7AE-4AAF-8389-56AADB39D8B2}.Release|Any CPU.ActiveCfg = Release|Any CPU
		{86B5BBB5-B7AE-4AAF-8389-56AADB39D8B2}.Release|Any CPU.Build.0 = Release|Any CPU
		{60A36034-DD03-48AD-AA7F-A6DA6476955E}.Debug|Any CPU.ActiveCfg = Debug|Any CPU
		{60A36034-DD03-48AD-AA7F-A6DA6476955E}.Debug|Any CPU.Build.0 = Debug|Any CPU
		{60A36034-DD03-48AD-AA7F-A6DA6476955E}.Release|Any CPU.ActiveCfg = Release|Any CPU
		{60A36034-DD03-48AD-AA7F-A6DA6476955E}.Release|Any CPU.Build.0 = Release|Any CPU
		{629B1126-B4A6-4900-A9D6-13DCCB4E1CB0}.Debug|Any CPU.ActiveCfg = Debug|Any CPU
		{629B1126-B4A6-4900-A9D6-13DCCB4E1CB0}.Debug|Any CPU.Build.0 = Debug|Any CPU
		{629B1126-B4A6-4900-A9D6-13DCCB4E1CB0}.Release|Any CPU.ActiveCfg = Release|Any CPU
		{629B1126-B4A6-4900-A9D6-13DCCB4E1CB0}.Release|Any CPU.Build.0 = Release|Any CPU
		{066B65C5-E616-4BF8-B5AA-FEDC17EE31DA}.Debug|Any CPU.ActiveCfg = Debug|Any CPU
		{066B65C5-E616-4BF8-B5AA-FEDC17EE31DA}.Debug|Any CPU.Build.0 = Debug|Any CPU
		{066B65C5-E616-4BF8-B5AA-FEDC17EE31DA}.Release|Any CPU.ActiveCfg = Release|Any CPU
		{066B65C5-E616-4BF8-B5AA-FEDC17EE31DA}.Release|Any CPU.Build.0 = Release|Any CPU
		{297ED176-E621-4CE4-A798-FC0C1A19D9E9}.Debug|Any CPU.ActiveCfg = Debug|Any CPU
		{297ED176-E621-4CE4-A798-FC0C1A19D9E9}.Debug|Any CPU.Build.0 = Debug|Any CPU
		{297ED176-E621-4CE4-A798-FC0C1A19D9E9}.Release|Any CPU.ActiveCfg = Release|Any CPU
		{297ED176-E621-4CE4-A798-FC0C1A19D9E9}.Release|Any CPU.Build.0 = Release|Any CPU
		{7CE4C571-7395-40EC-AA4D-FC8745CC8B45}.Debug|Any CPU.ActiveCfg = Debug|Any CPU
		{7CE4C571-7395-40EC-AA4D-FC8745CC8B45}.Debug|Any CPU.Build.0 = Debug|Any CPU
		{7CE4C571-7395-40EC-AA4D-FC8745CC8B45}.Release|Any CPU.ActiveCfg = Release|Any CPU
		{7CE4C571-7395-40EC-AA4D-FC8745CC8B45}.Release|Any CPU.Build.0 = Release|Any CPU
		{D2E0BBD6-62A8-481A-9857-F86E24196983}.Debug|Any CPU.ActiveCfg = Debug|Any CPU
		{D2E0BBD6-62A8-481A-9857-F86E24196983}.Debug|Any CPU.Build.0 = Debug|Any CPU
		{D2E0BBD6-62A8-481A-9857-F86E24196983}.Release|Any CPU.ActiveCfg = Release|Any CPU
		{D2E0BBD6-62A8-481A-9857-F86E24196983}.Release|Any CPU.Build.0 = Release|Any CPU
		{756D34ED-5E9A-4D0E-AF56-5D239AED0171}.Debug|Any CPU.ActiveCfg = Debug|Any CPU
		{756D34ED-5E9A-4D0E-AF56-5D239AED0171}.Debug|Any CPU.Build.0 = Debug|Any CPU
		{756D34ED-5E9A-4D0E-AF56-5D239AED0171}.Release|Any CPU.ActiveCfg = Release|Any CPU
		{756D34ED-5E9A-4D0E-AF56-5D239AED0171}.Release|Any CPU.Build.0 = Release|Any CPU
		{81F147AD-415E-41B7-AE0B-1F4C189E117E}.Debug|Any CPU.ActiveCfg = Debug|Any CPU
		{81F147AD-415E-41B7-AE0B-1F4C189E117E}.Debug|Any CPU.Build.0 = Debug|Any CPU
		{81F147AD-415E-41B7-AE0B-1F4C189E117E}.Release|Any CPU.ActiveCfg = Release|Any CPU
		{81F147AD-415E-41B7-AE0B-1F4C189E117E}.Release|Any CPU.Build.0 = Release|Any CPU
		{46D43B3A-07C0-4193-B1B1-314633C5A032}.Debug|Any CPU.ActiveCfg = Debug|Any CPU
		{46D43B3A-07C0-4193-B1B1-314633C5A032}.Debug|Any CPU.Build.0 = Debug|Any CPU
		{46D43B3A-07C0-4193-B1B1-314633C5A032}.Release|Any CPU.ActiveCfg = Release|Any CPU
		{46D43B3A-07C0-4193-B1B1-314633C5A032}.Release|Any CPU.Build.0 = Release|Any CPU
		{E480DC39-F82E-467D-826A-562614595438}.Debug|Any CPU.ActiveCfg = Debug|Any CPU
		{E480DC39-F82E-467D-826A-562614595438}.Debug|Any CPU.Build.0 = Debug|Any CPU
		{E480DC39-F82E-467D-826A-562614595438}.Release|Any CPU.ActiveCfg = Release|Any CPU
		{E480DC39-F82E-467D-826A-562614595438}.Release|Any CPU.Build.0 = Release|Any CPU
		{5476B25F-F6CE-4E33-918C-955EEF8E2646}.Debug|Any CPU.ActiveCfg = Debug|Any CPU
		{5476B25F-F6CE-4E33-918C-955EEF8E2646}.Debug|Any CPU.Build.0 = Debug|Any CPU
		{5476B25F-F6CE-4E33-918C-955EEF8E2646}.Release|Any CPU.ActiveCfg = Release|Any CPU
		{5476B25F-F6CE-4E33-918C-955EEF8E2646}.Release|Any CPU.Build.0 = Release|Any CPU
		{7F01FC04-AD00-4576-ADAC-6757CEE5F3E1}.Debug|Any CPU.ActiveCfg = Debug|Any CPU
		{7F01FC04-AD00-4576-ADAC-6757CEE5F3E1}.Debug|Any CPU.Build.0 = Debug|Any CPU
		{7F01FC04-AD00-4576-ADAC-6757CEE5F3E1}.Release|Any CPU.ActiveCfg = Release|Any CPU
		{7F01FC04-AD00-4576-ADAC-6757CEE5F3E1}.Release|Any CPU.Build.0 = Release|Any CPU
	EndGlobalSection
	GlobalSection(NestedProjects) = preSolution
		{96EA0A21-C710-4F2A-B338-62D9549F9226} = {7E1D7C19-E3AB-4FA1-B8DF-203652ABE194}
		{0804328B-18A3-4E5E-95AA-0BB5BE154E3B} = {96EA0A21-C710-4F2A-B338-62D9549F9226}
		{D797C3F1-B79C-452B-991D-5FE80BCB4126} = {0804328B-18A3-4E5E-95AA-0BB5BE154E3B}
		{2CB325DB-A6B6-4E9F-9D25-67A47C681CAF} = {0804328B-18A3-4E5E-95AA-0BB5BE154E3B}
		{E0BA56E7-BA96-4AB3-BC06-87311786DC58} = {0804328B-18A3-4E5E-95AA-0BB5BE154E3B}
		{86B5BBB5-B7AE-4AAF-8389-56AADB39D8B2} = {0804328B-18A3-4E5E-95AA-0BB5BE154E3B}
		{60A36034-DD03-48AD-AA7F-A6DA6476955E} = {EE72B78F-2CE7-4303-87BB-7222A67FBCE2}
		{629B1126-B4A6-4900-A9D6-13DCCB4E1CB0} = {EE72B78F-2CE7-4303-87BB-7222A67FBCE2}
		{066B65C5-E616-4BF8-B5AA-FEDC17EE31DA} = {EE72B78F-2CE7-4303-87BB-7222A67FBCE2}
		{297ED176-E621-4CE4-A798-FC0C1A19D9E9} = {EE72B78F-2CE7-4303-87BB-7222A67FBCE2}
		{9300310B-CABD-4CBA-BA74-7253E9850E31} = {96EA0A21-C710-4F2A-B338-62D9549F9226}
		{7CE4C571-7395-40EC-AA4D-FC8745CC8B45} = {1CF35FBD-45B2-43DC-804D-3F36BBCE3EC8}
		{D2E0BBD6-62A8-481A-9857-F86E24196983} = {C39C5C4F-38F6-4094-A8E0-5A14FF17F6BB}
		{756D34ED-5E9A-4D0E-AF56-5D239AED0171} = {D999BEFB-3DE0-444F-8001-0E34571E656D}
		{81F147AD-415E-41B7-AE0B-1F4C189E117E} = {D999BEFB-3DE0-444F-8001-0E34571E656D}
		{46D43B3A-07C0-4193-B1B1-314633C5A032} = {D999BEFB-3DE0-444F-8001-0E34571E656D}
		{E480DC39-F82E-467D-826A-562614595438} = {EE72B78F-2CE7-4303-87BB-7222A67FBCE2}
		{5476B25F-F6CE-4E33-918C-955EEF8E2646} = {1CF35FBD-45B2-43DC-804D-3F36BBCE3EC8}
		{7F01FC04-AD00-4576-ADAC-6757CEE5F3E1} = {1CF35FBD-45B2-43DC-804D-3F36BBCE3EC8}
	EndGlobalSection
EndGlobal
